
Microsoft Visual Studio Solution File, Format Version 12.00
Project("{FAE04EC0-301F-11D3-BF4B-00C04F79EFBC}") = "Cameek.W3CssJs.Phaser", "Cameek.W3CssJs.Phaser\Cameek.W3CssJs.Phaser.csproj", "{4DA3B237-F7FA-4FC2-9E72-2C804229B7A1}"
EndProject
Project("{FAE04EC0-301F-11D3-BF4B-00C04F79EFBC}") = "Cameek.W3CssJs.Phaser.WebTest", "Cameek.W3CssJs.Phaser.WebTest\Cameek.W3CssJs.Phaser.WebTest.csproj", "{87680DA0-5EE1-47F7-9608-0E1A79BD6B5A}"
EndProject
Global
	GlobalSection(SolutionConfigurationPlatforms) = preSolution
		Debug|Any CPU = Debug|Any CPU
		Release|Any CPU = Release|Any CPU
	EndGlobalSection
	GlobalSection(ProjectConfigurationPlatforms) = postSolution
		{4DA3B237-F7FA-4FC2-9E72-2C804229B7A1}.Debug|Any CPU.ActiveCfg = Debug|Any CPU
		{4DA3B237-F7FA-4FC2-9E72-2C804229B7A1}.Debug|Any CPU.Build.0 = Debug|Any CPU
		{4DA3B237-F7FA-4FC2-9E72-2C804229B7A1}.Release|Any CPU.ActiveCfg = Release|Any CPU
		{4DA3B237-F7FA-4FC2-9E72-2C804229B7A1}.Release|Any CPU.Build.0 = Release|Any CPU
		{87680DA0-5EE1-47F7-9608-0E1A79BD6B5A}.Debug|Any CPU.ActiveCfg = Debug|Any CPU
		{87680DA0-5EE1-47F7-9608-0E1A79BD6B5A}.Debug|Any CPU.Build.0 = Debug|Any CPU
		{87680DA0-5EE1-47F7-9608-0E1A79BD6B5A}.Release|Any CPU.ActiveCfg = Release|Any CPU
		{87680DA0-5EE1-47F7-9608-0E1A79BD6B5A}.Release|Any CPU.Build.0 = Release|Any CPU
	EndGlobalSection
EndGlobal
